
Microsoft Visual Studio Solution File, Format Version 12.00
# Visual Studio Version 16
VisualStudioVersion = 16.0.32106.194
MinimumVisualStudioVersion = 10.0.40219.1
Project("{FAE04EC0-301F-11D3-BF4B-00C04F79EFBC}") = "ClassLibrary", "ClassLibrary\ClassLibrary.csproj", "{3ADA690F-501E-421E-BFA5-62B2B7E6DECB}"
EndProject
Project("{FAE04EC0-301F-11D3-BF4B-00C04F79EFBC}") = "Tidsrapporteringssystem", "Tidsrapporteringssystem\Tidsrapporteringssystem.csproj", "{BA683B7F-5C90-46E9-A339-6D6BA256E4F2}"
EndProject
Global
	GlobalSection(SolutionConfigurationPlatforms) = preSolution
		Debug|Any CPU = Debug|Any CPU
		Release|Any CPU = Release|Any CPU
	EndGlobalSection
	GlobalSection(ProjectConfigurationPlatforms) = postSolution
		{3ADA690F-501E-421E-BFA5-62B2B7E6DECB}.Debug|Any CPU.ActiveCfg = Debug|Any CPU
		{3ADA690F-501E-421E-BFA5-62B2B7E6DECB}.Debug|Any CPU.Build.0 = Debug|Any CPU
		{3ADA690F-501E-421E-BFA5-62B2B7E6DECB}.Release|Any CPU.ActiveCfg = Release|Any CPU
		{3ADA690F-501E-421E-BFA5-62B2B7E6DECB}.Release|Any CPU.Build.0 = Release|Any CPU
		{BA683B7F-5C90-46E9-A339-6D6BA256E4F2}.Debug|Any CPU.ActiveCfg = Debug|Any CPU
		{BA683B7F-5C90-46E9-A339-6D6BA256E4F2}.Debug|Any CPU.Build.0 = Debug|Any CPU
		{BA683B7F-5C90-46E9-A339-6D6BA256E4F2}.Release|Any CPU.ActiveCfg = Release|Any CPU
		{BA683B7F-5C90-46E9-A339-6D6BA256E4F2}.Release|Any CPU.Build.0 = Release|Any CPU
	EndGlobalSection
	GlobalSection(SolutionProperties) = preSolution
		HideSolutionNode = FALSE
	EndGlobalSection
	GlobalSection(ExtensibilityGlobals) = postSolution
		SolutionGuid = {A755207C-C3B8-4F35-AF06-0338F3295F01}
	EndGlobalSection
EndGlobal
